
Microsoft Visual Studio Solution File, Format Version 12.00
# Blend for Visual Studio Version 16
VisualStudioVersion = 16.0.30804.86
MinimumVisualStudioVersion = 10.0.40219.1
Project("{FAE04EC0-301F-11D3-BF4B-00C04F79EFBC}") = "ListboxWrapping", "ListboxWrapping\ListboxWrapping.csproj", "{D3FC0C2A-EBC7-4D04-9BEC-0B2A33D2A812}"
EndProject
Global
	GlobalSection(SolutionConfigurationPlatforms) = preSolution
		Debug|Any CPU = Debug|Any CPU
		Release|Any CPU = Release|Any CPU
	EndGlobalSection
	GlobalSection(ProjectConfigurationPlatforms) = postSolution
		{D3FC0C2A-EBC7-4D04-9BEC-0B2A33D2A812}.Debug|Any CPU.ActiveCfg = Debug|Any CPU
		{D3FC0C2A-EBC7-4D04-9BEC-0B2A33D2A812}.Debug|Any CPU.Build.0 = Debug|Any CPU
		{D3FC0C2A-EBC7-4D04-9BEC-0B2A33D2A812}.Release|Any CPU.ActiveCfg = Release|Any CPU
		{D3FC0C2A-EBC7-4D04-9BEC-0B2A33D2A812}.Release|Any CPU.Build.0 = Release|Any CPU
	EndGlobalSection
	GlobalSection(SolutionProperties) = preSolution
		HideSolutionNode = FALSE
	EndGlobalSection
	GlobalSection(ExtensibilityGlobals) = postSolution
		SolutionGuid = {12B1246A-BEDC-44FA-A567-E3F68ED1024F}
	EndGlobalSection
EndGlobal
